// !$*UTF8*$!
{
	archiveVersion = 1;
	classes = {
	};
	objectVersion = 56;
	objects = {

/* Begin PBXBuildFile section */
		BD824F8B2A33DD4200C646C4 /* AppDelegate.swift in Sources */ = {isa = PBXBuildFile; fileRef = BD824F8A2A33DD4200C646C4 /* AppDelegate.swift */; };
		BD824F8D2A33DD4200C646C4 /* SceneDelegate.swift in Sources */ = {isa = PBXBuildFile; fileRef = BD824F8C2A33DD4200C646C4 /* SceneDelegate.swift */; };
		BD824F8F2A33DD4200C646C4 /* ViewController.swift in Sources */ = {isa = PBXBuildFile; fileRef = BD824F8E2A33DD4200C646C4 /* ViewController.swift */; };
		BD824F922A33DD4200C646C4 /* Main.storyboard in Resources */ = {isa = PBXBuildFile; fileRef = BD824F902A33DD4200C646C4 /* Main.storyboard */; };
		BD824F942A33DD4300C646C4 /* Assets.xcassets in Resources */ = {isa = PBXBuildFile; fileRef = BD824F932A33DD4300C646C4 /* Assets.xcassets */; };
		BD824F972A33DD4300C646C4 /* LaunchScreen.storyboard in Resources */ = {isa = PBXBuildFile; fileRef = BD824F952A33DD4300C646C4 /* LaunchScreen.storyboard */; };
		BD8250452A3B412200C646C4 /* SalaryViewModel.swift in Sources */ = {isa = PBXBuildFile; fileRef = BD8250442A3B412200C646C4 /* SalaryViewModel.swift */; };
		BD82511E2A404A5200C646C4 /* SalaryAppUITests.swift in Sources */ = {isa = PBXBuildFile; fileRef = BD82511D2A404A5200C646C4 /* SalaryAppUITests.swift */; };
		BD8251202A404A5200C646C4 /* SalaryAppUITestsLaunchTests.swift in Sources */ = {isa = PBXBuildFile; fileRef = BD82511F2A404A5200C646C4 /* SalaryAppUITestsLaunchTests.swift */; };
		BD8251282A404FC000C646C4 /* TestIdentifier.swift in Sources */ = {isa = PBXBuildFile; fileRef = BD8251272A404FC000C646C4 /* TestIdentifier.swift */; };
		BD972E8F2A4098E0008336F8 /* SalaryAppTests.swift in Sources */ = {isa = PBXBuildFile; fileRef = BD972E8E2A4098E0008336F8 /* SalaryAppTests.swift */; };
/* End PBXBuildFile section */

/* Begin PBXContainerItemProxy section */
		BD8251212A404A5200C646C4 /* PBXContainerItemProxy */ = {
			isa = PBXContainerItemProxy;
			containerPortal = BD824F7F2A33DD4200C646C4 /* Project object */;
			proxyType = 1;
			remoteGlobalIDString = BD824F862A33DD4200C646C4;
			remoteInfo = "Salary App";
		};
		BD972E902A4098E0008336F8 /* PBXContainerItemProxy */ = {
			isa = PBXContainerItemProxy;
			containerPortal = BD824F7F2A33DD4200C646C4 /* Project object */;
			proxyType = 1;
			remoteGlobalIDString = BD824F862A33DD4200C646C4;
			remoteInfo = "Salary App";
		};
/* End PBXContainerItemProxy section */

/* Begin PBXFileReference section */
		BD824F872A33DD4200C646C4 /* Salary App.app */ = {isa = PBXFileReference; explicitFileType = wrapper.application; includeInIndex = 0; path = "Salary App.app"; sourceTree = BUILT_PRODUCTS_DIR; };
		BD824F8A2A33DD4200C646C4 /* AppDelegate.swift */ = {isa = PBXFileReference; lastKnownFileType = sourcecode.swift; path = AppDelegate.swift; sourceTree = "<group>"; };
		BD824F8C2A33DD4200C646C4 /* SceneDelegate.swift */ = {isa = PBXFileReference; lastKnownFileType = sourcecode.swift; path = SceneDelegate.swift; sourceTree = "<group>"; };
		BD824F8E2A33DD4200C646C4 /* ViewController.swift */ = {isa = PBXFileReference; lastKnownFileType = sourcecode.swift; path = ViewController.swift; sourceTree = "<group>"; };
		BD824F912A33DD4200C646C4 /* Base */ = {isa = PBXFileReference; lastKnownFileType = file.storyboard; name = Base; path = Base.lproj/Main.storyboard; sourceTree = "<group>"; };
		BD824F932A33DD4300C646C4 /* Assets.xcassets */ = {isa = PBXFileReference; lastKnownFileType = folder.assetcatalog; path = Assets.xcassets; sourceTree = "<group>"; };
		BD824F962A33DD4300C646C4 /* Base */ = {isa = PBXFileReference; lastKnownFileType = file.storyboard; name = Base; path = Base.lproj/LaunchScreen.storyboard; sourceTree = "<group>"; };
		BD824F982A33DD4300C646C4 /* Info.plist */ = {isa = PBXFileReference; lastKnownFileType = text.plist.xml; path = Info.plist; sourceTree = "<group>"; };
		BD8250442A3B412200C646C4 /* SalaryViewModel.swift */ = {isa = PBXFileReference; lastKnownFileType = sourcecode.swift; path = SalaryViewModel.swift; sourceTree = "<group>"; };
		BD82511B2A404A5200C646C4 /* SalaryAppUITests.xctest */ = {isa = PBXFileReference; explicitFileType = wrapper.cfbundle; includeInIndex = 0; path = SalaryAppUITests.xctest; sourceTree = BUILT_PRODUCTS_DIR; };
		BD82511D2A404A5200C646C4 /* SalaryAppUITests.swift */ = {isa = PBXFileReference; lastKnownFileType = sourcecode.swift; path = SalaryAppUITests.swift; sourceTree = "<group>"; };
		BD82511F2A404A5200C646C4 /* SalaryAppUITestsLaunchTests.swift */ = {isa = PBXFileReference; lastKnownFileType = sourcecode.swift; path = SalaryAppUITestsLaunchTests.swift; sourceTree = "<group>"; };
		BD8251272A404FC000C646C4 /* TestIdentifier.swift */ = {isa = PBXFileReference; lastKnownFileType = sourcecode.swift; path = TestIdentifier.swift; sourceTree = "<group>"; };
		BD972E8C2A4098E0008336F8 /* SalaryAppTests.xctest */ = {isa = PBXFileReference; explicitFileType = wrapper.cfbundle; includeInIndex = 0; path = SalaryAppTests.xctest; sourceTree = BUILT_PRODUCTS_DIR; };
		BD972E8E2A4098E0008336F8 /* SalaryAppTests.swift */ = {isa = PBXFileReference; lastKnownFileType = sourcecode.swift; path = SalaryAppTests.swift; sourceTree = "<group>"; };
/* End PBXFileReference section */

/* Begin PBXFrameworksBuildPhase section */
		BD824F842A33DD4200C646C4 /* Frameworks */ = {
			isa = PBXFrameworksBuildPhase;
			buildActionMask = 2147483647;
			files = (
			);
			runOnlyForDeploymentPostprocessing = 0;
		};
		BD8251182A404A5200C646C4 /* Frameworks */ = {
			isa = PBXFrameworksBuildPhase;
			buildActionMask = 2147483647;
			files = (
			);
			runOnlyForDeploymentPostprocessing = 0;
		};
		BD972E892A4098E0008336F8 /* Frameworks */ = {
			isa = PBXFrameworksBuildPhase;
			buildActionMask = 2147483647;
			files = (
			);
			runOnlyForDeploymentPostprocessing = 0;
		};
/* End PBXFrameworksBuildPhase section */

/* Begin PBXGroup section */
		BD824F7E2A33DD4200C646C4 = {
			isa = PBXGroup;
			children = (
				BD824F892A33DD4200C646C4 /* Salary App */,
				BD82511C2A404A5200C646C4 /* SalaryAppUITests */,
				BD972E8D2A4098E0008336F8 /* SalaryAppTests */,
				BD824F882A33DD4200C646C4 /* Products */,
			);
			sourceTree = "<group>";
		};
		BD824F882A33DD4200C646C4 /* Products */ = {
			isa = PBXGroup;
			children = (
				BD824F872A33DD4200C646C4 /* Salary App.app */,
				BD82511B2A404A5200C646C4 /* SalaryAppUITests.xctest */,
				BD972E8C2A4098E0008336F8 /* SalaryAppTests.xctest */,
			);
			name = Products;
			sourceTree = "<group>";
		};
		BD824F892A33DD4200C646C4 /* Salary App */ = {
			isa = PBXGroup;
			children = (
				BD8251262A404F9B00C646C4 /* UITestIdentifier */,
				BD8250482A3B492200C646C4 /* View */,
				BD8250472A3B490400C646C4 /* Model */,
				BD8250462A3B48F900C646C4 /* ViewModel */,
				BD824F8A2A33DD4200C646C4 /* AppDelegate.swift */,
				BD824F8C2A33DD4200C646C4 /* SceneDelegate.swift */,
				BD824F8E2A33DD4200C646C4 /* ViewController.swift */,
				BD824F902A33DD4200C646C4 /* Main.storyboard */,
				BD824F932A33DD4300C646C4 /* Assets.xcassets */,
				BD824F952A33DD4300C646C4 /* LaunchScreen.storyboard */,
				BD824F982A33DD4300C646C4 /* Info.plist */,
			);
			path = "Salary App";
			sourceTree = "<group>";
		};
		BD8250462A3B48F900C646C4 /* ViewModel */ = {
			isa = PBXGroup;
			children = (
				BD8250442A3B412200C646C4 /* SalaryViewModel.swift */,
			);
			path = ViewModel;
			sourceTree = "<group>";
		};
		BD8250472A3B490400C646C4 /* Model */ = {
			isa = PBXGroup;
			children = (
			);
			path = Model;
			sourceTree = "<group>";
		};
		BD8250482A3B492200C646C4 /* View */ = {
			isa = PBXGroup;
			children = (
			);
			path = View;
			sourceTree = "<group>";
		};
		BD82511C2A404A5200C646C4 /* SalaryAppUITests */ = {
			isa = PBXGroup;
			children = (
				BD82511D2A404A5200C646C4 /* SalaryAppUITests.swift */,
				BD82511F2A404A5200C646C4 /* SalaryAppUITestsLaunchTests.swift */,
			);
			path = SalaryAppUITests;
			sourceTree = "<group>";
		};
		BD8251262A404F9B00C646C4 /* UITestIdentifier */ = {
			isa = PBXGroup;
			children = (
				BD8251272A404FC000C646C4 /* TestIdentifier.swift */,
			);
			path = UITestIdentifier;
			sourceTree = "<group>";
		};
		BD972E8D2A4098E0008336F8 /* SalaryAppTests */ = {
			isa = PBXGroup;
			children = (
				BD972E8E2A4098E0008336F8 /* SalaryAppTests.swift */,
			);
			path = SalaryAppTests;
			sourceTree = "<group>";
		};
/* End PBXGroup section */

/* Begin PBXNativeTarget section */
		BD824F862A33DD4200C646C4 /* Salary App */ = {
			isa = PBXNativeTarget;
			buildConfigurationList = BD824F9B2A33DD4300C646C4 /* Build configuration list for PBXNativeTarget "Salary App" */;
			buildPhases = (
				BD824F832A33DD4200C646C4 /* Sources */,
				BD824F842A33DD4200C646C4 /* Frameworks */,
				BD824F852A33DD4200C646C4 /* Resources */,
			);
			buildRules = (
			);
			dependencies = (
			);
			name = "Salary App";
			productName = "Salary App";
			productReference = BD824F872A33DD4200C646C4 /* Salary App.app */;
			productType = "com.apple.product-type.application";
		};
		BD82511A2A404A5200C646C4 /* SalaryAppUITests */ = {
			isa = PBXNativeTarget;
			buildConfigurationList = BD8251232A404A5200C646C4 /* Build configuration list for PBXNativeTarget "SalaryAppUITests" */;
			buildPhases = (
				BD8251172A404A5200C646C4 /* Sources */,
				BD8251182A404A5200C646C4 /* Frameworks */,
				BD8251192A404A5200C646C4 /* Resources */,
			);
			buildRules = (
			);
			dependencies = (
				BD8251222A404A5200C646C4 /* PBXTargetDependency */,
			);
			name = SalaryAppUITests;
			productName = SalaryAppUITests;
			productReference = BD82511B2A404A5200C646C4 /* SalaryAppUITests.xctest */;
			productType = "com.apple.product-type.bundle.ui-testing";
		};
		BD972E8B2A4098E0008336F8 /* SalaryAppTests */ = {
			isa = PBXNativeTarget;
			buildConfigurationList = BD972E942A4098E1008336F8 /* Build configuration list for PBXNativeTarget "SalaryAppTests" */;
			buildPhases = (
				BD972E882A4098E0008336F8 /* Sources */,
				BD972E892A4098E0008336F8 /* Frameworks */,
				BD972E8A2A4098E0008336F8 /* Resources */,
			);
			buildRules = (
			);
			dependencies = (
				BD972E912A4098E0008336F8 /* PBXTargetDependency */,
			);
			name = SalaryAppTests;
			productName = SalaryAppTests;
			productReference = BD972E8C2A4098E0008336F8 /* SalaryAppTests.xctest */;
			productType = "com.apple.product-type.bundle.unit-test";
		};
/* End PBXNativeTarget section */

/* Begin PBXProject section */
		BD824F7F2A33DD4200C646C4 /* Project object */ = {
			isa = PBXProject;
			attributes = {
				BuildIndependentTargetsInParallel = 1;
				LastSwiftUpdateCheck = 1430;
				LastUpgradeCheck = 1430;
				TargetAttributes = {
					BD824F862A33DD4200C646C4 = {
						CreatedOnToolsVersion = 14.3;
					};
					BD82511A2A404A5200C646C4 = {
						CreatedOnToolsVersion = 14.3;
						TestTargetID = BD824F862A33DD4200C646C4;
					};
					BD972E8B2A4098E0008336F8 = {
						CreatedOnToolsVersion = 14.3;
						TestTargetID = BD824F862A33DD4200C646C4;
					};
				};
			};
			buildConfigurationList = BD824F822A33DD4200C646C4 /* Build configuration list for PBXProject "Salary App" */;
			compatibilityVersion = "Xcode 14.0";
			developmentRegion = en;
			hasScannedForEncodings = 0;
			knownRegions = (
				en,
				Base,
			);
			mainGroup = BD824F7E2A33DD4200C646C4;
			productRefGroup = BD824F882A33DD4200C646C4 /* Products */;
			projectDirPath = "";
			projectRoot = "";
			targets = (
				BD824F862A33DD4200C646C4 /* Salary App */,
				BD82511A2A404A5200C646C4 /* SalaryAppUITests */,
				BD972E8B2A4098E0008336F8 /* SalaryAppTests */,
			);
		};
/* End PBXProject section */

/* Begin PBXResourcesBuildPhase section */
		BD824F852A33DD4200C646C4 /* Resources */ = {
			isa = PBXResourcesBuildPhase;
			buildActionMask = 2147483647;
			files = (
				BD824F972A33DD4300C646C4 /* LaunchScreen.storyboard in Resources */,
				BD824F942A33DD4300C646C4 /* Assets.xcassets in Resources */,
				BD824F922A33DD4200C646C4 /* Main.storyboard in Resources */,
			);
			runOnlyForDeploymentPostprocessing = 0;
		};
		BD8251192A404A5200C646C4 /* Resources */ = {
			isa = PBXResourcesBuildPhase;
			buildActionMask = 2147483647;
			files = (
			);
			runOnlyForDeploymentPostprocessing = 0;
		};
		BD972E8A2A4098E0008336F8 /* Resources */ = {
			isa = PBXResourcesBuildPhase;
			buildActionMask = 2147483647;
			files = (
			);
			runOnlyForDeploymentPostprocessing = 0;
		};
/* End PBXResourcesBuildPhase section */

/* Begin PBXSourcesBuildPhase section */
		BD824F832A33DD4200C646C4 /* Sources */ = {
			isa = PBXSourcesBuildPhase;
			buildActionMask = 2147483647;
			files = (
				BD8251282A404FC000C646C4 /* TestIdentifier.swift in Sources */,
				BD824F8F2A33DD4200C646C4 /* ViewController.swift in Sources */,
				BD824F8B2A33DD4200C646C4 /* AppDelegate.swift in Sources */,
				BD824F8D2A33DD4200C646C4 /* SceneDelegate.swift in Sources */,
				BD8250452A3B412200C646C4 /* SalaryViewModel.swift in Sources */,
			);
			runOnlyForDeploymentPostprocessing = 0;
		};
		BD8251172A404A5200C646C4 /* Sources */ = {
			isa = PBXSourcesBuildPhase;
			buildActionMask = 2147483647;
			files = (
				BD8251202A404A5200C646C4 /* SalaryAppUITestsLaunchTests.swift in Sources */,
				BD82511E2A404A5200C646C4 /* SalaryAppUITests.swift in Sources */,
			);
			runOnlyForDeploymentPostprocessing = 0;
		};
		BD972E882A4098E0008336F8 /* Sources */ = {
			isa = PBXSourcesBuildPhase;
			buildActionMask = 2147483647;
			files = (
				BD972E8F2A4098E0008336F8 /* SalaryAppTests.swift in Sources */,
			);
			runOnlyForDeploymentPostprocessing = 0;
		};
/* End PBXSourcesBuildPhase section */

/* Begin PBXTargetDependency section */
		BD8251222A404A5200C646C4 /* PBXTargetDependency */ = {
			isa = PBXTargetDependency;
			target = BD824F862A33DD4200C646C4 /* Salary App */;
			targetProxy = BD8251212A404A5200C646C4 /* PBXContainerItemProxy */;
		};
		BD972E912A4098E0008336F8 /* PBXTargetDependency */ = {
			isa = PBXTargetDependency;
			target = BD824F862A33DD4200C646C4 /* Salary App */;
			targetProxy = BD972E902A4098E0008336F8 /* PBXContainerItemProxy */;
		};
/* End PBXTargetDependency section */

/* Begin PBXVariantGroup section */
		BD824F902A33DD4200C646C4 /* Main.storyboard */ = {
			isa = PBXVariantGroup;
			children = (
				BD824F912A33DD4200C646C4 /* Base */,
			);
			name = Main.storyboard;
			sourceTree = "<group>";
		};
		BD824F952A33DD4300C646C4 /* LaunchScreen.storyboard */ = {
			isa = PBXVariantGroup;
			children = (
				BD824F962A33DD4300C646C4 /* Base */,
			);
			name = LaunchScreen.storyboard;
			sourceTree = "<group>";
		};
/* End PBXVariantGroup section */

/* Begin XCBuildConfiguration section */
		BD824F992A33DD4300C646C4 /* Debug */ = {
			isa = XCBuildConfiguration;
			buildSettings = {
				ALWAYS_SEARCH_USER_PATHS = NO;
				CLANG_ANALYZER_NONNULL = YES;
				CLANG_ANALYZER_NUMBER_OBJECT_CONVERSION = YES_AGGRESSIVE;
				CLANG_CXX_LANGUAGE_STANDARD = "gnu++20";
				CLANG_ENABLE_MODULES = YES;
				CLANG_ENABLE_OBJC_ARC = YES;
				CLANG_ENABLE_OBJC_WEAK = YES;
				CLANG_WARN_BLOCK_CAPTURE_AUTORELEASING = YES;
				CLANG_WARN_BOOL_CONVERSION = YES;
				CLANG_WARN_COMMA = YES;
				CLANG_WARN_CONSTANT_CONVERSION = YES;
				CLANG_WARN_DEPRECATED_OBJC_IMPLEMENTATIONS = YES;
				CLANG_WARN_DIRECT_OBJC_ISA_USAGE = YES_ERROR;
				CLANG_WARN_DOCUMENTATION_COMMENTS = YES;
				CLANG_WARN_EMPTY_BODY = YES;
				CLANG_WARN_ENUM_CONVERSION = YES;
				CLANG_WARN_INFINITE_RECURSION = YES;
				CLANG_WARN_INT_CONVERSION = YES;
				CLANG_WARN_NON_LITERAL_NULL_CONVERSION = YES;
				CLANG_WARN_OBJC_IMPLICIT_RETAIN_SELF = YES;
				CLANG_WARN_OBJC_LITERAL_CONVERSION = YES;
				CLANG_WARN_OBJC_ROOT_CLASS = YES_ERROR;
				CLANG_WARN_QUOTED_INCLUDE_IN_FRAMEWORK_HEADER = YES;
				CLANG_WARN_RANGE_LOOP_ANALYSIS = YES;
				CLANG_WARN_STRICT_PROTOTYPES = YES;
				CLANG_WARN_SUSPICIOUS_MOVE = YES;
				CLANG_WARN_UNGUARDED_AVAILABILITY = YES_AGGRESSIVE;
				CLANG_WARN_UNREACHABLE_CODE = YES;
				CLANG_WARN__DUPLICATE_METHOD_MATCH = YES;
				COPY_PHASE_STRIP = NO;
				DEBUG_INFORMATION_FORMAT = dwarf;
				ENABLE_STRICT_OBJC_MSGSEND = YES;
				ENABLE_TESTABILITY = YES;
				GCC_C_LANGUAGE_STANDARD = gnu11;
				GCC_DYNAMIC_NO_PIC = NO;
				GCC_NO_COMMON_BLOCKS = YES;
				GCC_OPTIMIZATION_LEVEL = 0;
				GCC_PREPROCESSOR_DEFINITIONS = (
					"DEBUG=1",
					"$(inherited)",
				);
				GCC_WARN_64_TO_32_BIT_CONVERSION = YES;
				GCC_WARN_ABOUT_RETURN_TYPE = YES_ERROR;
				GCC_WARN_UNDECLARED_SELECTOR = YES;
				GCC_WARN_UNINITIALIZED_AUTOS = YES_AGGRESSIVE;
				GCC_WARN_UNUSED_FUNCTION = YES;
				GCC_WARN_UNUSED_VARIABLE = YES;
				IPHONEOS_DEPLOYMENT_TARGET = 16.4;
				MTL_ENABLE_DEBUG_INFO = INCLUDE_SOURCE;
				MTL_FAST_MATH = YES;
				ONLY_ACTIVE_ARCH = YES;
				SDKROOT = iphoneos;
				SWIFT_ACTIVE_COMPILATION_CONDITIONS = DEBUG;
				SWIFT_OPTIMIZATION_LEVEL = "-Onone";
			};
			name = Debug;
		};
		BD824F9A2A33DD4300C646C4 /* Release */ = {
			isa = XCBuildConfiguration;
			buildSettings = {
				ALWAYS_SEARCH_USER_PATHS = NO;
				CLANG_ANALYZER_NONNULL = YES;
				CLANG_ANALYZER_NUMBER_OBJECT_CONVERSION = YES_AGGRESSIVE;
				CLANG_CXX_LANGUAGE_STANDARD = "gnu++20";
				CLANG_ENABLE_MODULES = YES;
				CLANG_ENABLE_OBJC_ARC = YES;
				CLANG_ENABLE_OBJC_WEAK = YES;
				CLANG_WARN_BLOCK_CAPTURE_AUTORELEASING = YES;
				CLANG_WARN_BOOL_CONVERSION = YES;
				CLANG_WARN_COMMA = YES;
				CLANG_WARN_CONSTANT_CONVERSION = YES;
				CLANG_WARN_DEPRECATED_OBJC_IMPLEMENTATIONS = YES;
				CLANG_WARN_DIRECT_OBJC_ISA_USAGE = YES_ERROR;
				CLANG_WARN_DOCUMENTATION_COMMENTS = YES;
				CLANG_WARN_EMPTY_BODY = YES;
				CLANG_WARN_ENUM_CONVERSION = YES;
				CLANG_WARN_INFINITE_RECURSION = YES;
				CLANG_WARN_INT_CONVERSION = YES;
				CLANG_WARN_NON_LITERAL_NULL_CONVERSION = YES;
				CLANG_WARN_OBJC_IMPLICIT_RETAIN_SELF = YES;
				CLANG_WARN_OBJC_LITERAL_CONVERSION = YES;
				CLANG_WARN_OBJC_ROOT_CLASS = YES_ERROR;
				CLANG_WARN_QUOTED_INCLUDE_IN_FRAMEWORK_HEADER = YES;
				CLANG_WARN_RANGE_LOOP_ANALYSIS = YES;
				CLANG_WARN_STRICT_PROTOTYPES = YES;
				CLANG_WARN_SUSPICIOUS_MOVE = YES;
				CLANG_WARN_UNGUARDED_AVAILABILITY = YES_AGGRESSIVE;
				CLANG_WARN_UNREACHABLE_CODE = YES;
				CLANG_WARN__DUPLICATE_METHOD_MATCH = YES;
				COPY_PHASE_STRIP = NO;
				DEBUG_INFORMATION_FORMAT = "dwarf-with-dsym";
				ENABLE_NS_ASSERTIONS = NO;
				ENABLE_STRICT_OBJC_MSGSEND = YES;
				GCC_C_LANGUAGE_STANDARD = gnu11;
				GCC_NO_COMMON_BLOCKS = YES;
				GCC_WARN_64_TO_32_BIT_CONVERSION = YES;
				GCC_WARN_ABOUT_RETURN_TYPE = YES_ERROR;
				GCC_WARN_UNDECLARED_SELECTOR = YES;
				GCC_WARN_UNINITIALIZED_AUTOS = YES_AGGRESSIVE;
				GCC_WARN_UNUSED_FUNCTION = YES;
				GCC_WARN_UNUSED_VARIABLE = YES;
				IPHONEOS_DEPLOYMENT_TARGET = 16.4;
				MTL_ENABLE_DEBUG_INFO = NO;
				MTL_FAST_MATH = YES;
				SDKROOT = iphoneos;
				SWIFT_COMPILATION_MODE = wholemodule;
				SWIFT_OPTIMIZATION_LEVEL = "-O";
				VALIDATE_PRODUCT = YES;
			};
			name = Release;
		};
		BD824F9C2A33DD4300C646C4 /* Debug */ = {
			isa = XCBuildConfiguration;
			buildSettings = {
				ASSETCATALOG_COMPILER_APPICON_NAME = AppIcon;
				ASSETCATALOG_COMPILER_GLOBAL_ACCENT_COLOR_NAME = AccentColor;
				CODE_SIGN_STYLE = Automatic;
				CURRENT_PROJECT_VERSION = 1;
				DEVELOPMENT_TEAM = S39536K3H7;
				GENERATE_INFOPLIST_FILE = YES;
				INFOPLIST_FILE = "Salary App/Info.plist";
				INFOPLIST_KEY_UIApplicationSupportsIndirectInputEvents = YES;
				INFOPLIST_KEY_UILaunchStoryboardName = LaunchScreen;
				INFOPLIST_KEY_UIMainStoryboardFile = Main;
				INFOPLIST_KEY_UISupportedInterfaceOrientations_iPad = "UIInterfaceOrientationPortrait UIInterfaceOrientationPortraitUpsideDown UIInterfaceOrientationLandscapeLeft UIInterfaceOrientationLandscapeRight";
				INFOPLIST_KEY_UISupportedInterfaceOrientations_iPhone = "UIInterfaceOrientationPortrait UIInterfaceOrientationLandscapeLeft UIInterfaceOrientationLandscapeRight";
				LD_RUNPATH_SEARCH_PATHS = (
					"$(inherited)",
					"@executable_path/Frameworks",
				);
				MARKETING_VERSION = 1.0;
				PRODUCT_BUNDLE_IDENTIFIER = "TA.Salary-App";
				PRODUCT_NAME = "$(TARGET_NAME)";
				SWIFT_EMIT_LOC_STRINGS = YES;
				SWIFT_VERSION = 5.0;
				TARGETED_DEVICE_FAMILY = "1,2";
			};
			name = Debug;
		};
		BD824F9D2A33DD4300C646C4 /* Release */ = {
			isa = XCBuildConfiguration;
			buildSettings = {
				ASSETCATALOG_COMPILER_APPICON_NAME = AppIcon;
				ASSETCATALOG_COMPILER_GLOBAL_ACCENT_COLOR_NAME = AccentColor;
				CODE_SIGN_STYLE = Automatic;
				CURRENT_PROJECT_VERSION = 1;
				DEVELOPMENT_TEAM = S39536K3H7;
				GENERATE_INFOPLIST_FILE = YES;
				INFOPLIST_FILE = "Salary App/Info.plist";
				INFOPLIST_KEY_UIApplicationSupportsIndirectInputEvents = YES;
				INFOPLIST_KEY_UILaunchStoryboardName = LaunchScreen;
				INFOPLIST_KEY_UIMainStoryboardFile = Main;
				INFOPLIST_KEY_UISupportedInterfaceOrientations_iPad = "UIInterfaceOrientationPortrait UIInterfaceOrientationPortraitUpsideDown UIInterfaceOrientationLandscapeLeft UIInterfaceOrientationLandscapeRight";
				INFOPLIST_KEY_UISupportedInterfaceOrientations_iPhone = "UIInterfaceOrientationPortrait UIInterfaceOrientationLandscapeLeft UIInterfaceOrientationLandscapeRight";
				LD_RUNPATH_SEARCH_PATHS = (
					"$(inherited)",
					"@executable_path/Frameworks",
				);
				MARKETING_VERSION = 1.0;
				PRODUCT_BUNDLE_IDENTIFIER = "TA.Salary-App";
				PRODUCT_NAME = "$(TARGET_NAME)";
				SWIFT_EMIT_LOC_STRINGS = YES;
				SWIFT_VERSION = 5.0;
				TARGETED_DEVICE_FAMILY = "1,2";
			};
			name = Release;
		};
		BD8251242A404A5200C646C4 /* Debug */ = {
			isa = XCBuildConfiguration;
			buildSettings = {
				CODE_SIGN_STYLE = Automatic;
				CURRENT_PROJECT_VERSION = 1;
				DEVELOPMENT_TEAM = S39536K3H7;
				GENERATE_INFOPLIST_FILE = YES;
				MARKETING_VERSION = 1.0;
				PRODUCT_BUNDLE_IDENTIFIER = TA.SalaryAppUITests;
				PRODUCT_NAME = "$(TARGET_NAME)";
				SWIFT_EMIT_LOC_STRINGS = NO;
				SWIFT_VERSION = 5.0;
				TARGETED_DEVICE_FAMILY = "1,2";
				TEST_TARGET_NAME = "Salary App";
			};
			name = Debug;
		};
		BD8251252A404A5200C646C4 /* Release */ = {
			isa = XCBuildConfiguration;
			buildSettings = {
				CODE_SIGN_STYLE = Automatic;
				CURRENT_PROJECT_VERSION = 1;
				DEVELOPMENT_TEAM = S39536K3H7;
				GENERATE_INFOPLIST_FILE = YES;
				MARKETING_VERSION = 1.0;
				PRODUCT_BUNDLE_IDENTIFIER = TA.SalaryAppUITests;
				PRODUCT_NAME = "$(TARGET_NAME)";
				SWIFT_EMIT_LOC_STRINGS = NO;
				SWIFT_VERSION = 5.0;
				TARGETED_DEVICE_FAMILY = "1,2";
				TEST_TARGET_NAME = "Salary App";
			};
			name = Release;
		};
		BD972E922A4098E1008336F8 /* Debug */ = {
			isa = XCBuildConfiguration;
			buildSettings = {
				BUNDLE_LOADER = "$(TEST_HOST)";
				CODE_SIGN_STYLE = Automatic;
				CURRENT_PROJECT_VERSION = 1;
				DEVELOPMENT_TEAM = S39536K3H7;
				GENERATE_INFOPLIST_FILE = YES;
				IPHONEOS_DEPLOYMENT_TARGET = 16.4;
				MACOSX_DEPLOYMENT_TARGET = 13.3;
				MARKETING_VERSION = 1.0;
				PRODUCT_BUNDLE_IDENTIFIER = TA.SalaryAppTests;
				PRODUCT_NAME = "$(TARGET_NAME)";
				SDKROOT = auto;
				SUPPORTED_PLATFORMS = "iphoneos iphonesimulator macosx";
				SWIFT_EMIT_LOC_STRINGS = NO;
				SWIFT_VERSION = 5.0;
				TARGETED_DEVICE_FAMILY = "1,2";
				TEST_HOST = "$(BUILT_PRODUCTS_DIR)/Salary App.app/$(BUNDLE_EXECUTABLE_FOLDER_PATH)/Salary App";
			};
			name = Debug;
		};
		BD972E932A4098E1008336F8 /* Release */ = {
			isa = XCBuildConfiguration;
			buildSettings = {
				BUNDLE_LOADER = "$(TEST_HOST)";
				CODE_SIGN_STYLE = Automatic;
				CURRENT_PROJECT_VERSION = 1;
				DEVELOPMENT_TEAM = S39536K3H7;
				GENERATE_INFOPLIST_FILE = YES;
				IPHONEOS_DEPLOYMENT_TARGET = 16.4;
				MACOSX_DEPLOYMENT_TARGET = 13.3;
				MARKETING_VERSION = 1.0;
				PRODUCT_BUNDLE_IDENTIFIER = TA.SalaryAppTests;
				PRODUCT_NAME = "$(TARGET_NAME)";
				SDKROOT = auto;
				SUPPORTED_PLATFORMS = "iphoneos iphonesimulator macosx";
				SWIFT_EMIT_LOC_STRINGS = NO;
				SWIFT_VERSION = 5.0;
				TARGETED_DEVICE_FAMILY = "1,2";
				TEST_HOST = "$(BUILT_PRODUCTS_DIR)/Salary App.app/$(BUNDLE_EXECUTABLE_FOLDER_PATH)/Salary App";
			};
			name = Release;
		};
/* End XCBuildConfiguration section */

/* Begin XCConfigurationList section */
		BD824F822A33DD4200C646C4 /* Build configuration list for PBXProject "Salary App" */ = {
			isa = XCConfigurationList;
			buildConfigurations = (
				BD824F992A33DD4300C646C4 /* Debug */,
				BD824F9A2A33DD4300C646C4 /* Release */,
			);
			defaultConfigurationIsVisible = 0;
			defaultConfigurationName = Release;
		};
		BD824F9B2A33DD4300C646C4 /* Build configuration list for PBXNativeTarget "Salary App" */ = {
			isa = XCConfigurationList;
			buildConfigurations = (
				BD824F9C2A33DD4300C646C4 /* Debug */,
				BD824F9D2A33DD4300C646C4 /* Release */,
			);
			defaultConfigurationIsVisible = 0;
			defaultConfigurationName = Release;
		};
		BD8251232A404A5200C646C4 /* Build configuration list for PBXNativeTarget "SalaryAppUITests" */ = {
			isa = XCConfigurationList;
			buildConfigurations = (
				BD8251242A404A5200C646C4 /* Debug */,
				BD8251252A404A5200C646C4 /* Release */,
			);
			defaultConfigurationIsVisible = 0;
			defaultConfigurationName = Release;
		};
		BD972E942A4098E1008336F8 /* Build configuration list for PBXNativeTarget "SalaryAppTests" */ = {
			isa = XCConfigurationList;
			buildConfigurations = (
				BD972E922A4098E1008336F8 /* Debug */,
				BD972E932A4098E1008336F8 /* Release */,
			);
			defaultConfigurationIsVisible = 0;
			defaultConfigurationName = Release;
		};
/* End XCConfigurationList section */
	};
	rootObject = BD824F7F2A33DD4200C646C4 /* Project object */;
}
